[[package]]
name = "read_input"
version = "0.7.2"
source = "git+https://github.com/ethanboxx/read_input.git#3a5d46b435210c5d2b7e2cd6c53ae1fbd0a7bdec"

[[package]]
name = "story-game"
version = "0.1.0"
dependencies = [
 "read_input 0.7.2 (git+https://github.com/ethanboxx/read_input.git)",
]

[metadata]
"checksum read_input 0.7.2 (git+https://github.com/ethanboxx/read_input.git)" = "<none>"
